
Microsoft Visual Studio Solution File, Format Version 12.00
# Visual Studio Version 17
VisualStudioVersion = 17.7.34202.233
MinimumVisualStudioVersion = 10.0.40219.1
Project("{FAE04EC0-301F-11D3-BF4B-00C04F79EFBC}") = "WinFormsApp1", "WinFormsApp1\WinFormsApp1.csproj", "{AAB40177-9264-4CF7-A44F-9BE4050FDBAD}"
EndProject
Global
	GlobalSection(SolutionConfigurationPlatforms) = preSolution
		Debug|Any CPU = Debug|Any CPU
		Release|Any CPU = Release|Any CPU
	EndGlobalSection
	GlobalSection(ProjectConfigurationPlatforms) = postSolution
		{AAB40177-9264-4CF7-A44F-9BE4050FDBAD}.Debug|Any CPU.ActiveCfg = Debug|Any CPU
		{AAB40177-9264-4CF7-A44F-9BE4050FDBAD}.Debug|Any CPU.Build.0 = Debug|Any CPU
		{AAB40177-9264-4CF7-A44F-9BE4050FDBAD}.Release|Any CPU.ActiveCfg = Release|Any CPU
		{AAB40177-9264-4CF7-A44F-9BE4050FDBAD}.Release|Any CPU.Build.0 = Release|Any CPU
	EndGlobalSection
	GlobalSection(SolutionProperties) = preSolution
		HideSolutionNode = FALSE
	EndGlobalSection
	GlobalSection(ExtensibilityGlobals) = postSolution
		SolutionGuid = {8ACF7586-FF42-430A-BEB7-5972A833494D}
	EndGlobalSection
EndGlobal
